// !$*UTF8*$!
{
	archiveVersion = 1;
	classes = {
	};
	objectVersion = 46;
	objects = {

/* Begin PBXBuildFile section */
		A02CA3E91E5AC12300D16B30 /* AppDelegate.swift in Sources */ = {isa = PBXBuildFile; fileRef = A02CA3E81E5AC12300D16B30 /* AppDelegate.swift */; };
		A02CA3EB1E5AC12300D16B30 /* ViewController.swift in Sources */ = {isa = PBXBuildFile; fileRef = A02CA3EA1E5AC12300D16B30 /* ViewController.swift */; };
		A02CA3EE1E5AC12300D16B30 /* Main.storyboard in Resources */ = {isa = PBXBuildFile; fileRef = A02CA3EC1E5AC12300D16B30 /* Main.storyboard */; };
		A02CA3F01E5AC12300D16B30 /* Assets.xcassets in Resources */ = {isa = PBXBuildFile; fileRef = A02CA3EF1E5AC12300D16B30 /* Assets.xcassets */; };
		A02CA3F31E5AC12300D16B30 /* LaunchScreen.storyboard in Resources */ = {isa = PBXBuildFile; fileRef = A02CA3F11E5AC12300D16B30 /* LaunchScreen.storyboard */; };
/* End PBXBuildFile section */

/* Begin PBXFileReference section */
		A02CA3E51E5AC12300D16B30 /* Stackview.app */ = {isa = PBXFileReference; explicitFileType = wrapper.application; includeInIndex = 0; path = Stackview.app; sourceTree = BUILT_PRODUCTS_DIR; };
		A02CA3E81E5AC12300D16B30 /* AppDelegate.swift */ = {isa = PBXFileReference; lastKnownFileType = sourcecode.swift; path = AppDelegate.swift; sourceTree = "<group>"; };
		A02CA3EA1E5AC12300D16B30 /* ViewController.swift */ = {isa = PBXFileReference; lastKnownFileType = sourcecode.swift; path = ViewController.swift; sourceTree = "<group>"; };
		A02CA3ED1E5AC12300D16B30 /* Base */ = {isa = PBXFileReference; lastKnownFileType = file.storyboard; name = Base; path = Base.lproj/Main.storyboard; sourceTree = "<group>"; };
		A02CA3EF1E5AC12300D16B30 /* Assets.xcassets */ = {isa = PBXFileReference; lastKnownFileType = folder.assetcatalog; path = Assets.xcassets; sourceTree = "<group>"; };
		A02CA3F21E5AC12300D16B30 /* Base */ = {isa = PBXFileReference; lastKnownFileType = file.storyboard; name = Base; path = Base.lproj/LaunchScreen.storyboard; sourceTree = "<group>"; };
		A02CA3F41E5AC12300D16B30 /* Info.plist */ = {isa = PBXFileReference; lastKnownFileType = text.plist.xml; path = Info.plist; sourceTree = "<group>"; };
/* End PBXFileReference section */

/* Begin PBXFrameworksBuildPhase section */
		A02CA3E21E5AC12200D16B30 /* Frameworks */ = {
			isa = PBXFrameworksBuildPhase;
			buildActionMask = 2147483647;
			files = (
			);
			runOnlyForDeploymentPostprocessing = 0;
		};
/* End PBXFrameworksBuildPhase section */

/* Begin PBXGroup section */
		A02CA3DC1E5AC12200D16B30 = {
			isa = PBXGroup;
			children = (
				A02CA3E71E5AC12300D16B30 /* Stackview */,
				A02CA3E61E5AC12300D16B30 /* Products */,
			);
			sourceTree = "<group>";
		};
		A02CA3E61E5AC12300D16B30 /* Products */ = {
			isa = PBXGroup;
			children = (
				A02CA3E51E5AC12300D16B30 /* Stackview.app */,
			);
			name = Products;
			sourceTree = "<group>";
		};
		A02CA3E71E5AC12300D16B30 /* Stackview */ = {
			isa = PBXGroup;
			children = (
				A02CA3E81E5AC12300D16B30 /* AppDelegate.swift */,
				A02CA3EA1E5AC12300D16B30 /* ViewController.swift */,
				A02CA3EC1E5AC12300D16B30 /* Main.storyboard */,
				A02CA3EF1E5AC12300D16B30 /* Assets.xcassets */,
				A02CA3F11E5AC12300D16B30 /* LaunchScreen.storyboard */,
				A02CA3F41E5AC12300D16B30 /* Info.plist */,
			);
			path = Stackview;
			sourceTree = "<group>";
		};
/* End PBXGroup section */

/* Begin PBXNativeTarget section */
		A02CA3E41E5AC12200D16B30 /* Stackview */ = {
			isa = PBXNativeTarget;
			buildConfigurationList = A02CA3F71E5AC12300D16B30 /* Build configuration list for PBXNativeTarget "Stackview" */;
			buildPhases = (
				A02CA3E11E5AC12200D16B30 /* Sources */,
				A02CA3E21E5AC12200D16B30 /* Frameworks */,
				A02CA3E31E5AC12200D16B30 /* Resources */,
			);
			buildRules = (
			);
			dependencies = (
			);
			name = Stackview;
			productName = Stackview;
			productReference = A02CA3E51E5AC12300D16B30 /* Stackview.app */;
			productType = "com.apple.product-type.application";
		};
/* End PBXNativeTarget section */

/* Begin PBXProject section */
		A02CA3DD1E5AC12200D16B30 /* Project object */ = {
			isa = PBXProject;
			attributes = {
				LastSwiftUpdateCheck = 0820;
				LastUpgradeCheck = 0820;
				ORGANIZATIONNAME = "Revolution Technologies";
				TargetAttributes = {
					A02CA3E41E5AC12200D16B30 = {
						CreatedOnToolsVersion = 8.2.1;
						ProvisioningStyle = Automatic;
					};
				};
			};
			buildConfigurationList = A02CA3E01E5AC12200D16B30 /* Build configuration list for PBXProject "Stackview" */;
			compatibilityVersion = "Xcode 3.2";
			developmentRegion = English;
			hasScannedForEncodings = 0;
			knownRegions = (
				en,
				Base,
			);
			mainGroup = A02CA3DC1E5AC12200D16B30;
			productRefGroup = A02CA3E61E5AC12300D16B30 /* Products */;
			projectDirPath = "";
			projectRoot = "";
			targets = (
				A02CA3E41E5AC12200D16B30 /* Stackview */,
			);
		};
/* End PBXProject section */

/* Begin PBXResourcesBuildPhase section */
		A02CA3E31E5AC12200D16B30 /* Resources */ = {
			isa = PBXResourcesBuildPhase;
			buildActionMask = 2147483647;
			files = (
				A02CA3F31E5AC12300D16B30 /* LaunchScreen.storyboard in Resources */,
				A02CA3F01E5AC12300D16B30 /* Assets.xcassets in Resources */,
				A02CA3EE1E5AC12300D16B30 /* Main.storyboard in Resources */,
			);
			runOnlyForDeploymentPostprocessing = 0;
		};
/* End PBXResourcesBuildPhase section */

/* Begin PBXSourcesBuildPhase section */
		A02CA3E11E5AC12200D16B30 /* Sources */ = {
			isa = PBXSourcesBuildPhase;
			buildActionMask = 2147483647;
			files = (
				A02CA3EB1E5AC12300D16B30 /* ViewController.swift in Sources */,
				A02CA3E91E5AC12300D16B30 /* AppDelegate.swift in Sources */,
			);
			runOnlyForDeploymentPostprocessing = 0;
		};
/* End PBXSourcesBuildPhase section */

/* Begin PBXVariantGroup section */
		A02CA3EC1E5AC12300D16B30 /* Main.storyboard */ = {
			isa = PBXVariantGroup;
			children = (
				A02CA3ED1E5AC12300D16B30 /* Base */,
			);
			name = Main.storyboard;
			sourceTree = "<group>";
		};
		A02CA3F11E5AC12300D16B30 /* LaunchScreen.storyboard */ = {
			isa = PBXVariantGroup;
			children = (
				A02CA3F21E5AC12300D16B30 /* Base */,
			);
			name = LaunchScreen.storyboard;
			sourceTree = "<group>";
		};
/* End PBXVariantGroup section */

/* Begin XCBuildConfiguration section */
		A02CA3F51E5AC12300D16B30 /* Debug */ = {
			isa = XCBuildConfiguration;
			buildSettings = {
				ALWAYS_SEARCH_USER_PATHS = NO;
				CLANG_ANALYZER_NONNULL = YES;
				CLANG_CXX_LANGUAGE_STANDARD = "gnu++0x";
				CLANG_CXX_LIBRARY = "libc++";
				CLANG_ENABLE_MODULES = YES;
				CLANG_ENABLE_OBJC_ARC = YES;
				CLANG_WARN_BOOL_CONVERSION = YES;
				CLANG_WARN_CONSTANT_CONVERSION = YES;
				CLANG_WARN_DIRECT_OBJC_ISA_USAGE = YES_ERROR;
				CLANG_WARN_DOCUMENTATION_COMMENTS = YES;
				CLANG_WARN_EMPTY_BODY = YES;
				CLANG_WARN_ENUM_CONVERSION = YES;
				CLANG_WARN_INFINITE_RECURSION = YES;
				CLANG_WARN_INT_CONVERSION = YES;
				CLANG_WARN_OBJC_ROOT_CLASS = YES_ERROR;
				CLANG_WARN_SUSPICIOUS_MOVE = YES;
				CLANG_WARN_UNREACHABLE_CODE = YES;
				CLANG_WARN__DUPLICATE_METHOD_MATCH = YES;
				"CODE_SIGN_IDENTITY[sdk=iphoneos*]" = "iPhone Developer";
				COPY_PHASE_STRIP = NO;
				DEBUG_INFORMATION_FORMAT = dwarf;
				ENABLE_STRICT_OBJC_MSGSEND = YES;
				ENABLE_TESTABILITY = YES;
				GCC_C_LANGUAGE_STANDARD = gnu99;
				GCC_DYNAMIC_NO_PIC = NO;
				GCC_NO_COMMON_BLOCKS = YES;
				GCC_OPTIMIZATION_LEVEL = 0;
				GCC_PREPROCESSOR_DEFINITIONS = (
					"DEBUG=1",
					"$(inherited)",
				);
				GCC_WARN_64_TO_32_BIT_CONVERSION = YES;
				GCC_WARN_ABOUT_RETURN_TYPE = YES_ERROR;
				GCC_WARN_UNDECLARED_SELECTOR = YES;
				GCC_WARN_UNINITIALIZED_AUTOS = YES_AGGRESSIVE;
				GCC_WARN_UNUSED_FUNCTION = YES;
				GCC_WARN_UNUSED_VARIABLE = YES;
				IPHONEOS_DEPLOYMENT_TARGET = 10.2;
				MTL_ENABLE_DEBUG_INFO = YES;
				ONLY_ACTIVE_ARCH = YES;
				SDKROOT = iphoneos;
				SWIFT_ACTIVE_COMPILATION_CONDITIONS = DEBUG;
				SWIFT_OPTIMIZATION_LEVEL = "-Onone";
				TARGETED_DEVICE_FAMILY = "1,2";
			};
			name = Debug;
		};
		A02CA3F61E5AC12300D16B30 /* Release */ = {
			isa = XCBuildConfiguration;
			buildSettings = {
				ALWAYS_SEARCH_USER_PATHS = NO;
				CLANG_ANALYZER_NONNULL = YES;
				CLANG_CXX_LANGUAGE_STANDARD = "gnu++0x";
				CLANG_CXX_LIBRARY = "libc++";
				CLANG_ENABLE_MODULES = YES;
				CLANG_ENABLE_OBJC_ARC = YES;
				CLANG_WARN_BOOL_CONVERSION = YES;
				CLANG_WARN_CONSTANT_CONVERSION = YES;
				CLANG_WARN_DIRECT_OBJC_ISA_USAGE = YES_ERROR;
				CLANG_WARN_DOCUMENTATION_COMMENTS = YES;
				CLANG_WARN_EMPTY_BODY = YES;
				CLANG_WARN_ENUM_CONVERSION = YES;
				CLANG_WARN_INFINITE_RECURSION = YES;
				CLANG_WARN_INT_CONVERSION = YES;
				CLANG_WARN_OBJC_ROOT_CLASS = YES_ERROR;
				CLANG_WARN_SUSPICIOUS_MOVE = YES;
				CLANG_WARN_UNREACHABLE_CODE = YES;
				CLANG_WARN__DUPLICATE_METHOD_MATCH = YES;
				"CODE_SIGN_IDENTITY[sdk=iphoneos*]" = "iPhone Developer";
				COPY_PHASE_STRIP = NO;
				DEBUG_INFORMATION_FORMAT = "dwarf-with-dsym";
				ENABLE_NS_ASSERTIONS = NO;
				ENABLE_STRICT_OBJC_MSGSEND = YES;
				GCC_C_LANGUAGE_STANDARD = gnu99;
				GCC_NO_COMMON_BLOCKS = YES;
				GCC_WARN_64_TO_32_BIT_CONVERSION = YES;
				GCC_WARN_ABOUT_RETURN_TYPE = YES_ERROR;
				GCC_WARN_UNDECLARED_SELECTOR = YES;
				GCC_WARN_UNINITIALIZED_AUTOS = YES_AGGRESSIVE;
				GCC_WARN_UNUSED_FUNCTION = YES;
				GCC_WARN_UNUSED_VARIABLE = YES;
				IPHONEOS_DEPLOYMENT_TARGET = 10.2;
				MTL_ENABLE_DEBUG_INFO = NO;
				SDKROOT = iphoneos;
				SWIFT_OPTIMIZATION_LEVEL = "-Owholemodule";
				TARGETED_DEVICE_FAMILY = "1,2";
				VALIDATE_PRODUCT = YES;
			};
			name = Release;
		};
		A02CA3F81E5AC12300D16B30 /* Debug */ = {
			isa = XCBuildConfiguration;
			buildSettings = {
				ASSETCATALOG_COMPILER_APPICON_NAME = AppIcon;
				INFOPLIST_FILE = Stackview/Info.plist;
				LD_RUNPATH_SEARCH_PATHS = "$(inherited) @executable_path/Frameworks";
				PRODUCT_BUNDLE_IDENTIFIER = RevolutionTech.Stackview;
				PRODUCT_NAME = "$(TARGET_NAME)";
				SWIFT_VERSION = 3.0;
			};
			name = Debug;
		};
		A02CA3F91E5AC12300D16B30 /* Release */ = {
			isa = XCBuildConfiguration;
			buildSettings = {
				ASSETCATALOG_COMPILER_APPICON_NAME = AppIcon;
				INFOPLIST_FILE = Stackview/Info.plist;
				LD_RUNPATH_SEARCH_PATHS = "$(inherited) @executable_path/Frameworks";
				PRODUCT_BUNDLE_IDENTIFIER = RevolutionTech.Stackview;
				PRODUCT_NAME = "$(TARGET_NAME)";
				SWIFT_VERSION = 3.0;
			};
			name = Release;
		};
/* End XCBuildConfiguration section */

/* Begin XCConfigurationList section */
		A02CA3E01E5AC12200D16B30 /* Build configuration list for PBXProject "Stackview" */ = {
			isa = XCConfigurationList;
			buildConfigurations = (
				A02CA3F51E5AC12300D16B30 /* Debug */,
				A02CA3F61E5AC12300D16B30 /* Release */,
			);
			defaultConfigurationIsVisible = 0;
			defaultConfigurationName = Release;
		};
		A02CA3F71E5AC12300D16B30 /* Build configuration list for PBXNativeTarget "Stackview" */ = {
			isa = XCConfigurationList;
			buildConfigurations = (
				A02CA3F81E5AC12300D16B30 /* Debug */,
				A02CA3F91E5AC12300D16B30 /* Release */,
			);
			defaultConfigurationIsVisible = 0;
		};
/* End XCConfigurationList section */
	};
	rootObject = A02CA3DD1E5AC12200D16B30 /* Project object */;
}
